{
  "nodes": {
    "ekg-core": {
      "flake": false,
      "locked": {
        "lastModified": 1640285654,
        "narHash": "sha256-5hdk6OA6fmXFYxt69mwlFDzCd/sxQIm3kc+NreJBy+s=",
        "owner": "hasura",
        "repo": "ekg-core",
        "rev": "b0cdc337ca2a52e392d427916ba3e28246b396c0",
        "type": "github"
      },
      "original": {
        "owner": "hasura",
        "ref": "master",
        "repo": "ekg-core",
        "type": "github"
      }
    },
    "ekg-json": {
      "flake": false,
      "locked": {
        "lastModified": 1656594608,
        "narHash": "sha256-V+doY0SjMqouPt6azS63hAlGFtr9m4fs0K6ghEF6JTQ=",
        "owner": "hasura",
        "repo": "ekg-json",
        "rev": "1fab6837e1dd98317a3c2f5bf9deedf4dfcac51b",
        "type": "github"
      },
      "original": {
        "owner": "hasura",
        "ref": "master",
        "repo": "ekg-json",
        "type": "github"
      }
    },
    "ekg-wai": {
      "flake": false,
      "locked": {
        "lastModified": 1640285624,
        "narHash": "sha256-6RNVJGDKFtc/dBJbfu/wHP17Hch82EXZa2ghEZz3KT4=",
        "owner": "hasura",
        "repo": "ekg-wai",
        "rev": "2ac8e4cc43d6f6017999280a03ff8c337a1dab5e",
        "type": "github"
      },
      "original": {
        "owner": "hasura",
        "ref": "master",
        "repo": "ekg-wai",
        "type": "github"
      }
    },
    "flake-parts": {
      "inputs": {
        "nixpkgs": [
          "nixpkgs"
        ]
      },
      "locked": {
        "lastModified": 1661009076,
        "narHash": "sha256-phAE40gctVygRq3G3B6LhvD7u2qdQT21xsz8DdRDYFo=",
        "owner": "hercules-ci",
        "repo": "flake-parts",
        "rev": "850d8a76026127ef02f040fb0dcfdb8b749dd9d9",
        "type": "github"
      },
      "original": {
        "owner": "hercules-ci",
        "repo": "flake-parts",
        "type": "github"
      }
    },
    "haskell-flake": {
      "locked": {
        "lastModified": 1661726764,
        "narHash": "sha256-YzzOoff6m3W4g4B0E8xd3omvOhEVuRu/Rdvnmy2H6Jc=",
        "owner": "srid",
        "repo": "haskell-flake",
        "rev": "3c27b5ba2eafc52f4bed232a8ff74cf0a5a99375",
        "type": "github"
      },
      "original": {
        "owner": "srid",
        "repo": "haskell-flake",
        "type": "github"
      }
    },
    "nixpkgs": {
      "locked": {
        "lastModified": 1661628722,
        "narHash": "sha256-oR/7NhG7pPkACToUtaaT6hH+rONE2z5/4NzjoUwEZt8=",
        "owner": "nixos",
        "repo": "nixpkgs",
        "rev": "324c8aaf25b2f2027af7798e5582ce3040a793b6",
        "type": "github"
      },
      "original": {
        "owner": "nixos",
        "repo": "nixpkgs",
        "rev": "324c8aaf25b2f2027af7798e5582ce3040a793b6",
        "type": "github"
      }
    },
    "root": {
      "inputs": {
        "ekg-core": "ekg-core",
        "ekg-json": "ekg-json",
        "ekg-wai": "ekg-wai",
        "flake-parts": "flake-parts",
        "haskell-flake": "haskell-flake",
        "nixpkgs": "nixpkgs"
      }
    }
  },
  "root": "root",
  "version": 7
}
